# THIS IS AN AUTOGENERATED FILE. DO NOT EDIT THIS FILE DIRECTLY.
# yarn lockfile v1


"@es-joy/jsdoccomment@~0.86.0":
  version "0.86.0"
  resolved "https://registry.yarnpkg.com/@es-joy/jsdoccomment/-/jsdoccomment-0.86.0.tgz#f7276904ed73bf2136993627033aeb5183b4392a"
  integrity sha512-ukZmRQ81WiTpDWO6D/cTBM7XbrNtutHKvAVnZN/8pldAwLoJArGOvkNyxPTBGsPjsoaQBJxlH+tE2TNA/92Qgw==
  dependencies:
    "@types/estree" "^1.0.8"
    "@typescript-eslint/types" "^8.58.0"
    comment-parser "1.4.6"
    esquery "^1.7.0"
    jsdoc-type-pratt-parser "~7.2.0"

"@es-joy/resolve.exports@1.2.0":
  version "1.2.0"
  resolved "https://registry.yarnpkg.com/@es-joy/resolve.exports/-/resolve.exports-1.2.0.tgz#fe541a68aa080255f798c8561714ac8fad72cdd5"
  integrity sha512-Q9hjxWI5xBM+qW2enxfe8wDKdFWMfd0Z29k5ZJnuBqD/CasY5Zryj09aCA6owbGATWz+39p5uIdaHXpopOcG8g==

"@sindresorhus/base62@^1.0.0":
  version "1.0.0"
  resolved "https://registry.yarnpkg.com/@sindresorhus/base62/-/base62-1.0.0.tgz#c47c42410e5212e4fa4657670e118ddfba39acd6"
  integrity sha512-TeheYy0ILzBEI/CO55CP6zJCSdSWeRtGnHy8U8dWSUH4I68iqTsy7HkMktR4xakThc9jotkPQUXT4ITdbV7cHA==

"@types/estree@^1.0.8":
  version "1.0.9"
  resolved "https://registry.yarnpkg.com/@types/estree/-/estree-1.0.9.tgz#cf3f0e876d7bee15a93ab925b82bf570a3904a24"
  integrity sha512-GhdPgy1el4/ImP05X05Uw4cw2/M93BCUmnEvWZNStlCzEKME4Fkk+YpoA5OiHNQmoS7Cafb8Xa3Pya8m1Qrzeg==

"@typescript-eslint/types@^8.58.0":
  version "8.59.3"
  resolved "https://registry.yarnpkg.com/@typescript-eslint/types/-/types-8.59.3.tgz#b7ca539c5e302fdde9a7cadb73caed107ef8f2cd"
  integrity sha512-ePFoH0g4ludssdRFqqDxQePCxU4WQyRa9+XVwjm7yLn0FKhMeoetC+qBEEI1Eyb1pGSDveTIT09Bvw2WhlGayg==

acorn-jsx@^5.3.2:
  version "5.3.2"
  resolved "https://registry.yarnpkg.com/acorn-jsx/-/acorn-jsx-5.3.2.tgz#7ed5bb55908b3b2f1bc55c6af1653bada7f07937"
  integrity sha512-rq9s+JNhf0IChjtDXxllJ7g41oZk5SlXtp0LHwyA5cejwn7vKmKp4pPri6YEePv2PU65sAsegbXtIinmDFDXgQ==

acorn@^8.16.0:
  version "8.16.0"
  resolved "https://registry.yarnpkg.com/acorn/-/acorn-8.16.0.tgz#4ce79c89be40afe7afe8f3adb902a1f1ce9ac08a"
  integrity sha512-UVJyE9MttOsBQIDKw1skb9nAwQuR5wuGD3+82K6JgJlm/Y+KI92oNsMNGZCYdDsVtRHSak0pcV5Dno5+4jh9sw==

are-docs-informative@^0.0.2:
  version "0.0.2"
  resolved "https://registry.yarnpkg.com/are-docs-informative/-/are-docs-informative-0.0.2.tgz#387f0e93f5d45280373d387a59d34c96db321963"
  integrity sha512-ixiS0nLNNG5jNQzgZJNoUpBKdo9yTYZMGJ+QgT2jmjR7G7+QHRCc4v6LQ3NgE7EBJq+o0ams3waJwkrlBom8Ig==

comment-parser@1.4.6:
  version "1.4.6"
  resolved "https://registry.yarnpkg.com/comment-parser/-/comment-parser-1.4.6.tgz#49a6b1d53fa563324f7577ab8c0b26db4e7d1f9a"
  integrity sha512-ObxuY6vnbWTN6Od72xfwN9DbzC7Y2vv8u1Soi9ahRKL37gb6y1qk6/dgjs+3JWuXJHWvsg3BXIwzd/rkmAwavg==

confusing-browser-globals@^1.0.9:
  version "1.0.9"
  resolved "https://registry.yarnpkg.com/confusing-browser-globals/-/confusing-browser-globals-1.0.9.tgz#72bc13b483c0276801681871d4898516f8f54fdd"
  integrity sha512-KbS1Y0jMtyPgIxjO7ZzMAuUpAKMt1SzCL9fsrKsX6b0zJPTaT0SiSPmewwVZg9UAO83HVIlEhZF84LIjZ0lmAw==

debug@^4.4.3:
  version "4.4.3"
  resolved "https://registry.yarnpkg.com/debug/-/debug-4.4.3.tgz#c6ae432d9bd9662582fce08709b038c58e9e3d6a"
  integrity sha512-RGwwWnwQvkVfavKVt22FGLw+xYSdzARwm0ru6DhTVA3umU5hZc28V3kO4stgYryrTlLpuvgI9GiijltAjNbcqA==
  dependencies:
    ms "^2.1.3"

define-properties@^1.1.3:
  version "1.1.3"
  resolved "https://registry.yarnpkg.com/define-properties/-/define-properties-1.1.3.tgz#cf88da6cbee26fe6db7094f61d870cbd84cee9f1"
  integrity sha512-3MqfYKj2lLzdMSf8ZIZE/V+Zuy+BgD6f164e8K2w7dgnpKArBDerGYpM46IYYcjnkdPNMjPk9A6VFB8+3SKlXQ==
  dependencies:
    object-keys "^1.0.12"

es-abstract@^1.17.5:
  version "1.17.6"
  resolved "https://registry.yarnpkg.com/es-abstract/-/es-abstract-1.17.6.tgz#9142071707857b2cacc7b89ecb670316c3e2d52a"
  integrity sha512-Fr89bON3WFyUi5EvAeI48QTWX0AyekGgLA8H+c+7fbfCkJwRWRMLd8CQedNEyJuoYYhmtEqY92pgte1FAhBlhw==
  dependencies:
    es-to-primitive "^1.2.1"
    function-bind "^1.1.1"
    has "^1.0.3"
    has-symbols "^1.0.1"
    is-callable "^1.2.0"
    is-regex "^1.1.0"
    object-inspect "^1.7.0"
    object-keys "^1.1.1"
    object.assign "^4.1.0"
    string.prototype.trimend "^1.0.1"
    string.prototype.trimstart "^1.0.1"

es-abstract@^1.18.0-next.0:
  version "1.18.0-next.0"
  resolved "https://registry.yarnpkg.com/es-abstract/-/es-abstract-1.18.0-next.0.tgz#b302834927e624d8e5837ed48224291f2c66e6fc"
  integrity sha512-elZXTZXKn51hUBdJjSZGYRujuzilgXo8vSPQzjGYXLvSlGiCo8VO8ZGV3kjo9a0WNJJ57hENagwbtlRuHuzkcQ==
  dependencies:
    es-to-primitive "^1.2.1"
    function-bind "^1.1.1"
    has "^1.0.3"
    has-symbols "^1.0.1"
    is-callable "^1.2.0"
    is-negative-zero "^2.0.0"
    is-regex "^1.1.1"
    object-inspect "^1.8.0"
    object-keys "^1.1.1"
    object.assign "^4.1.0"
    string.prototype.trimend "^1.0.1"
    string.prototype.trimstart "^1.0.1"

es-to-primitive@^1.2.1:
  version "1.2.1"
  resolved "https://registry.yarnpkg.com/es-to-primitive/-/es-to-primitive-1.2.1.tgz#e55cd4c9cdc188bcefb03b366c736323fc5c898a"
  integrity sha512-QCOllgZJtaUo9miYBcLChTUaHNjJF3PYs1VidD7AwiEj1kYxKeQTctLAezAOH5ZKRH0g2IgPn6KwB4IT8iRpvA==
  dependencies:
    is-callable "^1.1.4"
    is-date-object "^1.0.1"
    is-symbol "^1.0.2"

escape-string-regexp@^4.0.0:
  version "4.0.0"
  resolved "https://registry.yarnpkg.com/escape-string-regexp/-/escape-string-regexp-4.0.0.tgz#14ba83a5d373e3d311e5afca29cf5bfad965bf34"
  integrity sha512-TtpcNJ3XAzx3Gq8sWRzJaVajRs0uVxA2YAkdb1jm2YkPz4G6egUFAyA3n5vtEIZefPk5Wa4UXbKuS5fKkJWdgA==

eslint-config-airbnb-base@^14.2.0:
  version "14.2.0"
  resolved "https://registry.yarnpkg.com/eslint-config-airbnb-base/-/eslint-config-airbnb-base-14.2.0.tgz#fe89c24b3f9dc8008c9c0d0d88c28f95ed65e9c4"
  integrity sha512-Snswd5oC6nJaevs3nZoLSTvGJBvzTfnBqOIArkf3cbyTyq9UD79wOk8s+RiL6bhca0p/eRO6veczhf6A/7Jy8Q==
  dependencies:
    confusing-browser-globals "^1.0.9"
    object.assign "^4.1.0"
    object.entries "^1.1.2"

eslint-config-prettier@^6.12.0:
  version "6.12.0"
  resolved "https://registry.yarnpkg.com/eslint-config-prettier/-/eslint-config-prettier-6.12.0.tgz#9eb2bccff727db1c52104f0b49e87ea46605a0d2"
  integrity sha512-9jWPlFlgNwRUYVoujvWTQ1aMO8o6648r+K7qU7K5Jmkbyqav1fuEZC0COYpGBxyiAJb65Ra9hrmFx19xRGwXWw==
  dependencies:
    get-stdin "^6.0.0"

eslint-plugin-jsdoc@^62.0.0:
  version "62.9.0"
  resolved "https://registry.yarnpkg.com/eslint-plugin-jsdoc/-/eslint-plugin-jsdoc-62.9.0.tgz#a4902f6978b1e7cc5c5d1a528ecf7d8c7ce716d9"
  integrity sha512-PY7/X4jrVgoIDncUmITlUqK546Ltmx/Pd4Hdsu4CvSjryQZJI2mEV4vrdMufyTetMiZ5taNSqvK//BTgVUlNkA==
  dependencies:
    "@es-joy/jsdoccomment" "~0.86.0"
    "@es-joy/resolve.exports" "1.2.0"
    are-docs-informative "^0.0.2"
    comment-parser "1.4.6"
    debug "^4.4.3"
    escape-string-regexp "^4.0.0"
    espree "^11.2.0"
    esquery "^1.7.0"
    html-entities "^2.6.0"
    object-deep-merge "^2.0.0"
    parse-imports-exports "^0.2.4"
    semver "^7.7.4"
    spdx-expression-parse "^4.0.0"
    to-valid-identifier "^1.0.0"

eslint-visitor-keys@^5.0.1:
  version "5.0.1"
  resolved "https://registry.yarnpkg.com/eslint-visitor-keys/-/eslint-visitor-keys-5.0.1.tgz#9e3c9489697824d2d4ce3a8ad12628f91e9f59be"
  integrity sha512-tD40eHxA35h0PEIZNeIjkHoDR4YjjJp34biM0mDvplBe//mB+IHCqHDGV7pxF+7MklTvighcCPPZC7ynWyjdTA==

espree@^11.2.0:
  version "11.2.0"
  resolved "https://registry.yarnpkg.com/espree/-/espree-11.2.0.tgz#01d5e47dc332aaba3059008362454a8cc34ccaa5"
  integrity sha512-7p3DrVEIopW1B1avAGLuCSh1jubc01H2JHc8B4qqGblmg5gI9yumBgACjWo4JlIc04ufug4xJ3SQI8HkS/Rgzw==
  dependencies:
    acorn "^8.16.0"
    acorn-jsx "^5.3.2"
    eslint-visitor-keys "^5.0.1"

esquery@^1.7.0:
  version "1.7.0"
  resolved "https://registry.yarnpkg.com/esquery/-/esquery-1.7.0.tgz#08d048f261f0ddedb5bae95f46809463d9c9496d"
  integrity sha512-Ap6G0WQwcU/LHsvLwON1fAQX9Zp0A2Y6Y/cJBl9r/JbW90Zyg4/zbG6zzKa2OTALELarYHmKu0GhpM5EO+7T0g==
  dependencies:
    estraverse "^5.1.0"

estraverse@^5.1.0:
  version "5.2.0"
  resolved "https://registry.yarnpkg.com/estraverse/-/estraverse-5.2.0.tgz#307df42547e6cc7324d3cf03c155d5cdb8c53880"
  integrity sha512-BxbNGGNm0RyRYvUdHpIwv9IWzeM9XClbOxwoATuFdOE7ZE6wHL+HQ5T8hoPM+zHvmKzzsEqhgy0GrQ5X13afiQ==

function-bind@^1.1.1:
  version "1.1.1"
  resolved "https://registry.yarnpkg.com/function-bind/-/function-bind-1.1.1.tgz#a56899d3ea3c9bab874bb9773b7c5ede92f4895d"
  integrity sha512-yIovAzMX49sF8Yl58fSCWJ5svSLuaibPxXQJFLmBObTuCr0Mf1KiPopGM9NiFjiYBCbfaa2Fh6breQ6ANVTI0A==

get-stdin@^6.0.0:
  version "6.0.0"
  resolved "https://registry.yarnpkg.com/get-stdin/-/get-stdin-6.0.0.tgz#9e09bf712b360ab9225e812048f71fde9c89657b"
  integrity sha512-jp4tHawyV7+fkkSKyvjuLZswblUtz+SQKzSWnBbii16BuZksJlU1wuBYXY75r+duh/llF1ur6oNwi+2ZzjKZ7g==

has-symbols@^1.0.1:
  version "1.0.1"
  resolved "https://registry.yarnpkg.com/has-symbols/-/has-symbols-1.0.1.tgz#9f5214758a44196c406d9bd76cebf81ec2dd31e8"
  integrity sha512-PLcsoqu++dmEIZB+6totNFKq/7Do+Z0u4oT0zKOJNl3lYK6vGwwu2hjHs+68OEZbTjiUE9bgOABXbP/GvrS0Kg==

has@^1.0.3:
  version "1.0.3"
  resolved "https://registry.yarnpkg.com/has/-/has-1.0.3.tgz#722d7cbfc1f6aa8241f16dd814e011e1f41e8796"
  integrity sha512-f2dvO0VU6Oej7RkWJGrehjbzMAjFp5/VKPp5tTpWIV4JHHZK1/BxbFRtf/siA2SWTe09caDmVtYYzWEIbBS4zw==
  dependencies:
    function-bind "^1.1.1"

html-entities@^2.6.0:
  version "2.6.0"
  resolved "https://registry.yarnpkg.com/html-entities/-/html-entities-2.6.0.tgz#7c64f1ea3b36818ccae3d3fb48b6974208e984f8"
  integrity sha512-kig+rMn/QOVRvr7c86gQ8lWXq+Hkv6CbAH1hLu+RG338StTpE8Z0b44SDVaqVu7HGKf27frdmUYEs9hTUX/cLQ==

is-callable@^1.1.4, is-callable@^1.2.0:
  version "1.2.2"
  resolved "https://registry.yarnpkg.com/is-callable/-/is-callable-1.2.2.tgz#c7c6715cd22d4ddb48d3e19970223aceabb080d9"
  integrity sha512-dnMqspv5nU3LoewK2N/y7KLtxtakvTuaCsU9FU50/QDmdbHNy/4/JuRtMHqRU22o3q+W89YQndQEeCVwK+3qrA==

is-date-object@^1.0.1:
  version "1.0.2"
  resolved "https://registry.yarnpkg.com/is-date-object/-/is-date-object-1.0.2.tgz#bda736f2cd8fd06d32844e7743bfa7494c3bfd7e"
  integrity sha512-USlDT524woQ08aoZFzh3/Z6ch9Y/EWXEHQ/AaRN0SkKq4t2Jw2R2339tSXmwuVoY7LLlBCbOIlx2myP/L5zk0g==

is-negative-zero@^2.0.0:
  version "2.0.0"
  resolved "https://registry.yarnpkg.com/is-negative-zero/-/is-negative-zero-2.0.0.tgz#9553b121b0fac28869da9ed459e20c7543788461"
  integrity sha1-lVOxIbD6wohp2p7UWeIMdUN4hGE=

is-regex@^1.1.0, is-regex@^1.1.1:
  version "1.1.1"
  resolved "https://registry.yarnpkg.com/is-regex/-/is-regex-1.1.1.tgz#c6f98aacc546f6cec5468a07b7b153ab564a57b9"
  integrity sha512-1+QkEcxiLlB7VEyFtyBg94e08OAsvq7FUBgApTq/w2ymCLyKJgDPsybBENVtA7XCQEgEXxKPonG+mvYRxh/LIg==
  dependencies:
    has-symbols "^1.0.1"

is-symbol@^1.0.2:
  version "1.0.3"
  resolved "https://registry.yarnpkg.com/is-symbol/-/is-symbol-1.0.3.tgz#38e1014b9e6329be0de9d24a414fd7441ec61937"
  integrity sha512-OwijhaRSgqvhm/0ZdAcXNZt9lYdKFpcRDT5ULUuYXPoT794UNOdU+gpT6Rzo7b4V2HUl/op6GqY894AZwv9faQ==
  dependencies:
    has-symbols "^1.0.1"

jsdoc-type-pratt-parser@~7.2.0:
  version "7.2.0"
  resolved "https://registry.yarnpkg.com/jsdoc-type-pratt-parser/-/jsdoc-type-pratt-parser-7.2.0.tgz#0a29c27bd4e01e85e4617625e34e797be1486a9b"
  integrity sha512-dh140MMgjyg3JhJZY/+iEzW+NO5xR2gpbDFKHqotCmexElVntw7GjWjt511+C/Ef02RU5TKYrJo/Xlzk+OLaTw==

ms@^2.1.3:
  version "2.1.3"
  resolved "https://registry.yarnpkg.com/ms/-/ms-2.1.3.tgz#574c8138ce1d2b5861f0b44579dbadd60c6615b2"
  integrity sha512-6FlzubTLZG3J2a/NVCAleEhjzq5oxgHyaCU9yYXvcLsvoVaHJq/s5xXI6/XXP6tz7R9xAOtHnSO/tXtF3WRTlA==

object-deep-merge@^2.0.0:
  version "2.0.0"
  resolved "https://registry.yarnpkg.com/object-deep-merge/-/object-deep-merge-2.0.0.tgz#94d24cf713d4a7a143653500ff4488a2d494681f"
  integrity sha512-3DC3UMpeffLTHiuXSy/UG4NOIYTLlY9u3V82+djSCLYClWobZiS4ivYzpIUWrRY/nfsJ8cWsKyG3QfyLePmhvg==

object-inspect@^1.7.0, object-inspect@^1.8.0:
  version "1.8.0"
  resolved "https://registry.yarnpkg.com/object-inspect/-/object-inspect-1.8.0.tgz#df807e5ecf53a609cc6bfe93eac3cc7be5b3a9d0"
  integrity sha512-jLdtEOB112fORuypAyl/50VRVIBIdVQOSUUGQHzJ4xBSbit81zRarz7GThkEFZy1RceYrWYcPcBFPQwHyAc1gA==

object-keys@^1.0.12, object-keys@^1.1.1:
  version "1.1.1"
  resolved "https://registry.yarnpkg.com/object-keys/-/object-keys-1.1.1.tgz#1c47f272df277f3b1daf061677d9c82e2322c60e"
  integrity sha512-NuAESUOUMrlIXOfHKzD6bpPu3tYt3xvjNdRIQ+FeT0lNb4K8WR70CaDxhuNguS2XG+GjkyMwOzsN5ZktImfhLA==

object.assign@^4.1.0:
  version "4.1.1"
  resolved "https://registry.yarnpkg.com/object.assign/-/object.assign-4.1.1.tgz#303867a666cdd41936ecdedfb1f8f3e32a478cdd"
  integrity sha512-VT/cxmx5yaoHSOTSyrCygIDFco+RsibY2NM0a4RdEeY/4KgqezwFtK1yr3U67xYhqJSlASm2pKhLVzPj2lr4bA==
  dependencies:
    define-properties "^1.1.3"
    es-abstract "^1.18.0-next.0"
    has-symbols "^1.0.1"
    object-keys "^1.1.1"

object.entries@^1.1.2:
  version "1.1.2"
  resolved "https://registry.yarnpkg.com/object.entries/-/object.entries-1.1.2.tgz#bc73f00acb6b6bb16c203434b10f9a7e797d3add"
  integrity sha512-BQdB9qKmb/HyNdMNWVr7O3+z5MUIx3aiegEIJqjMBbBf0YT9RRxTJSim4mzFqtyr7PDAHigq0N9dO0m0tRakQA==
  dependencies:
    define-properties "^1.1.3"
    es-abstract "^1.17.5"
    has "^1.0.3"

parse-imports-exports@^0.2.4:
  version "0.2.4"
  resolved "https://registry.yarnpkg.com/parse-imports-exports/-/parse-imports-exports-0.2.4.tgz#e3fb3b5e264cfb55c25b5dfcbe7f410f8dc4e7af"
  integrity sha512-4s6vd6dx1AotCx/RCI2m7t7GCh5bDRUtGNvRfHSP2wbBQdMi67pPe7mtzmgwcaQ8VKK/6IB7Glfyu3qdZJPybQ==
  dependencies:
    parse-statements "1.0.11"

parse-statements@1.0.11:
  version "1.0.11"
  resolved "https://registry.yarnpkg.com/parse-statements/-/parse-statements-1.0.11.tgz#8787c5d383ae5746568571614be72b0689584344"
  integrity sha512-HlsyYdMBnbPQ9Jr/VgJ1YF4scnldvJpJxCVx6KgqPL4dxppsWrJHCIIxQXMJrqGnsRkNPATbeMJ8Yxu7JMsYcA==

reserved-identifiers@^1.0.0:
  version "1.2.0"
  resolved "https://registry.yarnpkg.com/reserved-identifiers/-/reserved-identifiers-1.2.0.tgz#d2982cd698e317dd3dced1ee1c52412dbd64fc64"
  integrity sha512-yE7KUfFvaBFzGPs5H3Ops1RevfUEsDc5Iz65rOwWg4lE8HJSYtle77uul3+573457oHvBKuHYDl/xqUkKpEEdw==

semver@^7.7.4:
  version "7.8.0"
  resolved "https://registry.yarnpkg.com/semver/-/semver-7.8.0.tgz#ed0661039fcbcda2ce71f01fa6adbefaa77040df"
  integrity sha512-AcM7dV/5ul4EekoQ29Agm5vri8JNqRyj39o0qpX6vDF2GZrtutZl5RwgD1XnZjiTAfncsJhMI48QQH3sN87YNA==

spdx-exceptions@^2.1.0:
  version "2.3.0"
  resolved "https://registry.yarnpkg.com/spdx-exceptions/-/spdx-exceptions-2.3.0.tgz#3f28ce1a77a00372683eade4a433183527a2163d"
  integrity sha512-/tTrYOC7PPI1nUAgx34hUpqXuyJG+DTHJTnIULG4rDygi4xu/tfgmq1e1cIRwRzwZgo4NLySi+ricLkZkw4i5A==

spdx-expression-parse@^4.0.0:
  version "4.0.0"
  resolved "https://registry.yarnpkg.com/spdx-expression-parse/-/spdx-expression-parse-4.0.0.tgz#a23af9f3132115465dac215c099303e4ceac5794"
  integrity sha512-Clya5JIij/7C6bRR22+tnGXbc4VKlibKSVj2iHvVeX5iMW7s1SIQlqu699JkODJJIhh/pUu8L0/VLh8xflD+LQ==
  dependencies:
    spdx-exceptions "^2.1.0"
    spdx-license-ids "^3.0.0"

spdx-license-ids@^3.0.0:
  version "3.0.6"
  resolved "https://registry.yarnpkg.com/spdx-license-ids/-/spdx-license-ids-3.0.6.tgz#c80757383c28abf7296744998cbc106ae8b854ce"
  integrity sha512-+orQK83kyMva3WyPf59k1+Y525csj5JejicWut55zeTWANuN17qSiSLUXWtzHeNWORSvT7GLDJ/E/XiIWoXBTw==

string.prototype.trimend@^1.0.1:
  version "1.0.1"
  resolved "https://registry.yarnpkg.com/string.prototype.trimend/-/string.prototype.trimend-1.0.1.tgz#85812a6b847ac002270f5808146064c995fb6913"
  integrity sha512-LRPxFUaTtpqYsTeNKaFOw3R4bxIzWOnbQ837QfBylo8jIxtcbK/A/sMV7Q+OAV/vWo+7s25pOE10KYSjaSO06g==
  dependencies:
    define-properties "^1.1.3"
    es-abstract "^1.17.5"

string.prototype.trimstart@^1.0.1:
  version "1.0.1"
  resolved "https://registry.yarnpkg.com/string.prototype.trimstart/-/string.prototype.trimstart-1.0.1.tgz#14af6d9f34b053f7cfc89b72f8f2ee14b9039a54"
  integrity sha512-XxZn+QpvrBI1FOcg6dIpxUPgWCPuNXvMD72aaRaUQv1eD4e/Qy8i/hFTe0BUmD60p/QA6bh1avmuPTfNjqVWRw==
  dependencies:
    define-properties "^1.1.3"
    es-abstract "^1.17.5"

to-valid-identifier@^1.0.0:
  version "1.0.0"
  resolved "https://registry.yarnpkg.com/to-valid-identifier/-/to-valid-identifier-1.0.0.tgz#27337955333c3c517feb60bea533cf27ce54b79f"
  integrity sha512-41wJyvKep3yT2tyPqX/4blcfybknGB4D+oETKLs7Q76UiPqRpUJK3hr1nxelyYO0PHKVzJwlu0aCeEAsGI6rpw==
  dependencies:
    "@sindresorhus/base62" "^1.0.0"
    reserved-identifiers "^1.0.0"
